
Microsoft Visual Studio Solution File, Format Version 12.00
# Visual Studio Version 17
VisualStudioVersion = 17.12.35323.107
MinimumVisualStudioVersion = 10.0.40219.1
Project("{FAE04EC0-301F-11D3-BF4B-00C04F79EFBC}") = "SOA_Assignment_3", "SOA_Assignment_3\SOA_Assignment_3.csproj", "{E6659CEB-0E4C-41C3-9EC3-048D970A6D57}"
EndProject
Global
	GlobalSection(SolutionConfigurationPlatforms) = preSolution
		Debug|Any CPU = Debug|Any CPU
		Release|Any CPU = Release|Any CPU
	EndGlobalSection
	GlobalSection(ProjectConfigurationPlatforms) = postSolution
		{E6659CEB-0E4C-41C3-9EC3-048D970A6D57}.Debug|Any CPU.ActiveCfg = Debug|Any CPU
		{E6659CEB-0E4C-41C3-9EC3-048D970A6D57}.Debug|Any CPU.Build.0 = Debug|Any CPU
		{E6659CEB-0E4C-41C3-9EC3-048D970A6D57}.Release|Any CPU.ActiveCfg = Release|Any CPU
		{E6659CEB-0E4C-41C3-9EC3-048D970A6D57}.Release|Any CPU.Build.0 = Release|Any CPU
	EndGlobalSection
	GlobalSection(SolutionProperties) = preSolution
		HideSolutionNode = FALSE
	EndGlobalSection
	GlobalSection(ExtensibilityGlobals) = postSolution
		SolutionGuid = {A5E91E4B-04B4-46E4-BC17-72E6467016CE}
	EndGlobalSection
EndGlobal
